
Microsoft Visual Studio Solution File, Format Version 12.00
# Visual Studio Version 17
VisualStudioVersion = 17.1.32414.318
MinimumVisualStudioVersion = 10.0.40219.1
Project("{9A19103F-16F7-4668-BE54-9A1E7A4F7556}") = "ConsoleApp1", "ConsoleApp1\ConsoleApp1.csproj", "{1E177A91-13CD-4B47-B15E-A201E1AE6F5F}"
EndProject
Project("{FAE04EC0-301F-11D3-BF4B-00C04F79EFBC}") = "Generic-Stack-implement", "Generic-Stack-implement\Generic-Stack-implement.csproj", "{11F35BAB-8575-4B9D-9EC7-EFAC2C8ABFFC}"
EndProject
Global
	GlobalSection(SolutionConfigurationPlatforms) = preSolution
		Debug|Any CPU = Debug|Any CPU
		Release|Any CPU = Release|Any CPU
	EndGlobalSection
	GlobalSection(ProjectConfigurationPlatforms) = postSolution
		{1E177A91-13CD-4B47-B15E-A201E1AE6F5F}.Debug|Any CPU.ActiveCfg = Debug|Any CPU
		{1E177A91-13CD-4B47-B15E-A201E1AE6F5F}.Debug|Any CPU.Build.0 = Debug|Any CPU
		{1E177A91-13CD-4B47-B15E-A201E1AE6F5F}.Release|Any CPU.ActiveCfg = Release|Any CPU
		{1E177A91-13CD-4B47-B15E-A201E1AE6F5F}.Release|Any CPU.Build.0 = Release|Any CPU
		{11F35BAB-8575-4B9D-9EC7-EFAC2C8ABFFC}.Debug|Any CPU.ActiveCfg = Debug|Any CPU
		{11F35BAB-8575-4B9D-9EC7-EFAC2C8ABFFC}.Debug|Any CPU.Build.0 = Debug|Any CPU
		{11F35BAB-8575-4B9D-9EC7-EFAC2C8ABFFC}.Release|Any CPU.ActiveCfg = Release|Any CPU
		{11F35BAB-8575-4B9D-9EC7-EFAC2C8ABFFC}.Release|Any CPU.Build.0 = Release|Any CPU
	EndGlobalSection
	GlobalSection(SolutionProperties) = preSolution
		HideSolutionNode = FALSE
	EndGlobalSection
	GlobalSection(ExtensibilityGlobals) = postSolution
		SolutionGuid = {1E7541C6-2865-4473-A023-C2E50D6A335F}
	EndGlobalSection
EndGlobal
